
Microsoft Visual Studio Solution File, Format Version 12.00
# Visual Studio Version 17
VisualStudioVersion = 17.11.35303.130
MinimumVisualStudioVersion = 10.0.40219.1
Project("{FAE04EC0-301F-11D3-BF4B-00C04F79EFBC}") = "Form", "Form.csproj", "{44661365-1314-4995-8B02-BCB87E3BF2E6}"
EndProject
Global
	GlobalSection(SolutionConfigurationPlatforms) = preSolution
		Debug|Any CPU = Debug|Any CPU
		Release|Any CPU = Release|Any CPU
	EndGlobalSection
	GlobalSection(ProjectConfigurationPlatforms) = postSolution
		{44661365-1314-4995-8B02-BCB87E3BF2E6}.Debug|Any CPU.ActiveCfg = Debug|Any CPU
		{44661365-1314-4995-8B02-BCB87E3BF2E6}.Debug|Any CPU.Build.0 = Debug|Any CPU
		{44661365-1314-4995-8B02-BCB87E3BF2E6}.Release|Any CPU.ActiveCfg = Release|Any CPU
		{44661365-1314-4995-8B02-BCB87E3BF2E6}.Release|Any CPU.Build.0 = Release|Any CPU
	EndGlobalSection
	GlobalSection(SolutionProperties) = preSolution
		HideSolutionNode = FALSE
	EndGlobalSection
	GlobalSection(ExtensibilityGlobals) = postSolution
		SolutionGuid = {E0D65F41-B215-4B67-BF0B-93A7C2CBCC7C}
	EndGlobalSection
EndGlobal
