
Microsoft Visual Studio Solution File, Format Version 12.00
# Visual Studio Version 17
VisualStudioVersion = 17.11.35303.130
MinimumVisualStudioVersion = 10.0.40219.1
Project("{FAE04EC0-301F-11D3-BF4B-00C04F79EFBC}") = "GalacticTravelAgency", "GalacticTravelAgency.csproj", "{FAE1B266-6606-4E09-96C7-593E7553C77F}"
EndProject
Global
	GlobalSection(SolutionConfigurationPlatforms) = preSolution
		Debug|Any CPU = Debug|Any CPU
		Release|Any CPU = Release|Any CPU
	EndGlobalSection
	GlobalSection(ProjectConfigurationPlatforms) = postSolution
		{FAE1B266-6606-4E09-96C7-593E7553C77F}.Debug|Any CPU.ActiveCfg = Debug|Any CPU
		{FAE1B266-6606-4E09-96C7-593E7553C77F}.Debug|Any CPU.Build.0 = Debug|Any CPU
		{FAE1B266-6606-4E09-96C7-593E7553C77F}.Release|Any CPU.ActiveCfg = Release|Any CPU
		{FAE1B266-6606-4E09-96C7-593E7553C77F}.Release|Any CPU.Build.0 = Release|Any CPU
	EndGlobalSection
	GlobalSection(SolutionProperties) = preSolution
		HideSolutionNode = FALSE
	EndGlobalSection
	GlobalSection(ExtensibilityGlobals) = postSolution
		SolutionGuid = {A7168074-8018-4F4D-BF26-A4CD48AAC468}
	EndGlobalSection
EndGlobal
