
Microsoft Visual Studio Solution File, Format Version 12.00
# Visual Studio Version 17
VisualStudioVersion = 17.11.35303.130
MinimumVisualStudioVersion = 10.0.40219.1
Project("{FAE04EC0-301F-11D3-BF4B-00C04F79EFBC}") = "MadTeaParty", "MadTeaParty.csproj", "{AC036D36-9740-4373-96EA-027F0AAAC74A}"
EndProject
Global
	GlobalSection(SolutionConfigurationPlatforms) = preSolution
		Debug|Any CPU = Debug|Any CPU
		Release|Any CPU = Release|Any CPU
	EndGlobalSection
	GlobalSection(ProjectConfigurationPlatforms) = postSolution
		{AC036D36-9740-4373-96EA-027F0AAAC74A}.Debug|Any CPU.ActiveCfg = Debug|Any CPU
		{AC036D36-9740-4373-96EA-027F0AAAC74A}.Debug|Any CPU.Build.0 = Debug|Any CPU
		{AC036D36-9740-4373-96EA-027F0AAAC74A}.Release|Any CPU.ActiveCfg = Release|Any CPU
		{AC036D36-9740-4373-96EA-027F0AAAC74A}.Release|Any CPU.Build.0 = Release|Any CPU
	EndGlobalSection
	GlobalSection(SolutionProperties) = preSolution
		HideSolutionNode = FALSE
	EndGlobalSection
	GlobalSection(ExtensibilityGlobals) = postSolution
		SolutionGuid = {F002FF28-7495-4357-9186-3C807D003410}
	EndGlobalSection
EndGlobal
