
Microsoft Visual Studio Solution File, Format Version 12.00
# Visual Studio Version 17
VisualStudioVersion = 17.11.35312.102
MinimumVisualStudioVersion = 10.0.40219.1
Project("{FAE04EC0-301F-11D3-BF4B-00C04F79EFBC}") = "SubstringAndBracket", "SubstringAndBracket\SubstringAndBracket.csproj", "{71CA2CCD-6A20-42C3-B036-810E5A8F7BEB}"
EndProject
Global
	GlobalSection(SolutionConfigurationPlatforms) = preSolution
		Debug|Any CPU = Debug|Any CPU
		Release|Any CPU = Release|Any CPU
	EndGlobalSection
	GlobalSection(ProjectConfigurationPlatforms) = postSolution
		{71CA2CCD-6A20-42C3-B036-810E5A8F7BEB}.Debug|Any CPU.ActiveCfg = Debug|Any CPU
		{71CA2CCD-6A20-42C3-B036-810E5A8F7BEB}.Debug|Any CPU.Build.0 = Debug|Any CPU
		{71CA2CCD-6A20-42C3-B036-810E5A8F7BEB}.Release|Any CPU.ActiveCfg = Release|Any CPU
		{71CA2CCD-6A20-42C3-B036-810E5A8F7BEB}.Release|Any CPU.Build.0 = Release|Any CPU
	EndGlobalSection
	GlobalSection(SolutionProperties) = preSolution
		HideSolutionNode = FALSE
	EndGlobalSection
	GlobalSection(ExtensibilityGlobals) = postSolution
		SolutionGuid = {EF355ABD-7944-45FF-9B37-89DB41C0787C}
	EndGlobalSection
EndGlobal
