
Microsoft Visual Studio Solution File, Format Version 12.00
# Visual Studio Version 17
VisualStudioVersion = 17.11.35303.130
MinimumVisualStudioVersion = 10.0.40219.1
Project("{FAE04EC0-301F-11D3-BF4B-00C04F79EFBC}") = "ClassTeams", "ClassTeams.csproj", "{F8205268-BC50-49C9-A10C-CE0A5C726A39}"
EndProject
Global
	GlobalSection(SolutionConfigurationPlatforms) = preSolution
		Debug|Any CPU = Debug|Any CPU
		Release|Any CPU = Release|Any CPU
	EndGlobalSection
	GlobalSection(ProjectConfigurationPlatforms) = postSolution
		{F8205268-BC50-49C9-A10C-CE0A5C726A39}.Debug|Any CPU.ActiveCfg = Debug|Any CPU
		{F8205268-BC50-49C9-A10C-CE0A5C726A39}.Debug|Any CPU.Build.0 = Debug|Any CPU
		{F8205268-BC50-49C9-A10C-CE0A5C726A39}.Release|Any CPU.ActiveCfg = Release|Any CPU
		{F8205268-BC50-49C9-A10C-CE0A5C726A39}.Release|Any CPU.Build.0 = Release|Any CPU
	EndGlobalSection
	GlobalSection(SolutionProperties) = preSolution
		HideSolutionNode = FALSE
	EndGlobalSection
	GlobalSection(ExtensibilityGlobals) = postSolution
		SolutionGuid = {688803B7-5743-4A4B-B788-1A8EDD3C4313}
	EndGlobalSection
EndGlobal
